
Microsoft Visual Studio Solution File, Format Version 12.00
# Visual Studio Version 17
VisualStudioVersion = 17.7.34202.233
MinimumVisualStudioVersion = 10.0.40219.1
Project("{FAE04EC0-301F-11D3-BF4B-00C04F79EFBC}") = "Array_ejercicio_2", "Array_ejercicio_2.csproj", "{CF8C8DCA-C39A-4295-8A14-E88AFD45807E}"
EndProject
Global
	GlobalSection(SolutionConfigurationPlatforms) = preSolution
		Debug|Any CPU = Debug|Any CPU
		Release|Any CPU = Release|Any CPU
	EndGlobalSection
	GlobalSection(ProjectConfigurationPlatforms) = postSolution
		{CF8C8DCA-C39A-4295-8A14-E88AFD45807E}.Debug|Any CPU.ActiveCfg = Debug|Any CPU
		{CF8C8DCA-C39A-4295-8A14-E88AFD45807E}.Debug|Any CPU.Build.0 = Debug|Any CPU
		{CF8C8DCA-C39A-4295-8A14-E88AFD45807E}.Release|Any CPU.ActiveCfg = Release|Any CPU
		{CF8C8DCA-C39A-4295-8A14-E88AFD45807E}.Release|Any CPU.Build.0 = Release|Any CPU
	EndGlobalSection
	GlobalSection(SolutionProperties) = preSolution
		HideSolutionNode = FALSE
	EndGlobalSection
	GlobalSection(ExtensibilityGlobals) = postSolution
		SolutionGuid = {701F2A45-7125-42B2-AF6C-2244E3229F7F}
	EndGlobalSection
EndGlobal
